// !$*UTF8*$!
{
	archiveVersion = 1;
	classes = {
	};
	objectVersion = 46;
	objects = {

/* Begin PBXBuildFile section */
		D3885CEE1B01E484007CC273 /* main.cpp in Sources */ = {isa = PBXBuildFile; fileRef = D3885CED1B01E484007CC273 /* main.cpp */; };
		D3885CF61B01E51E007CC273 /* Dynamixel.cpp in Sources */ = {isa = PBXBuildFile; fileRef = D3885CF41B01E51E007CC273 /* Dynamixel.cpp */; };
		D3885CFA1B01E74F007CC273 /* libboost_system-mt.dylib in Frameworks */ = {isa = PBXBuildFile; fileRef = D3885CF81B01E74F007CC273 /* libboost_system-mt.dylib */; };
		D3885CFC1B023A9D007CC273 /* libboost_thread-mt.dylib in Frameworks */ = {isa = PBXBuildFile; fileRef = D3885CFB1B023A9D007CC273 /* libboost_thread-mt.dylib */; };
/* End PBXBuildFile section */

/* Begin PBXCopyFilesBuildPhase section */
		D3885CE81B01E484007CC273 /* CopyFiles */ = {
			isa = PBXCopyFilesBuildPhase;
			buildActionMask = 2147483647;
			dstPath = /usr/share/man/man1/;
			dstSubfolderSpec = 0;
			files = (
			);
			runOnlyForDeploymentPostprocessing = 1;
		};
/* End PBXCopyFilesBuildPhase section */

/* Begin PBXFileReference section */
		D3885CEA1B01E484007CC273 /* DynamixelCpp */ = {isa = PBXFileReference; explicitFileType = "compiled.mach-o.executable"; includeInIndex = 0; path = DynamixelCpp; sourceTree = BUILT_PRODUCTS_DIR; };
		D3885CED1B01E484007CC273 /* main.cpp */ = {isa = PBXFileReference; lastKnownFileType = sourcecode.cpp.cpp; path = main.cpp; sourceTree = "<group>"; };
		D3885CF41B01E51E007CC273 /* Dynamixel.cpp */ = {isa = PBXFileReference; fileEncoding = 4; lastKnownFileType = sourcecode.cpp.cpp; path = Dynamixel.cpp; sourceTree = "<group>"; };
		D3885CF51B01E51E007CC273 /* Dynamixel.h */ = {isa = PBXFileReference; fileEncoding = 4; lastKnownFileType = sourcecode.c.h; path = Dynamixel.h; sourceTree = "<group>"; };
		D3885CF81B01E74F007CC273 /* libboost_system-mt.dylib */ = {isa = PBXFileReference; lastKnownFileType = "compiled.mach-o.dylib"; name = "libboost_system-mt.dylib"; path = "../../../../../../opt/local/lib/libboost_system-mt.dylib"; sourceTree = "<group>"; };
		D3885CFB1B023A9D007CC273 /* libboost_thread-mt.dylib */ = {isa = PBXFileReference; lastKnownFileType = "compiled.mach-o.dylib"; name = "libboost_thread-mt.dylib"; path = "../../../../../../opt/local/lib/libboost_thread-mt.dylib"; sourceTree = "<group>"; };
/* End PBXFileReference section */

/* Begin PBXFrameworksBuildPhase section */
		D3885CE71B01E484007CC273 /* Frameworks */ = {
			isa = PBXFrameworksBuildPhase;
			buildActionMask = 2147483647;
			files = (
				D3885CFA1B01E74F007CC273 /* libboost_system-mt.dylib in Frameworks */,
				D3885CFC1B023A9D007CC273 /* libboost_thread-mt.dylib in Frameworks */,
			);
			runOnlyForDeploymentPostprocessing = 0;
		};
/* End PBXFrameworksBuildPhase section */

/* Begin PBXGroup section */
		D3885CE11B01E484007CC273 = {
			isa = PBXGroup;
			children = (
				D3885CEC1B01E484007CC273 /* DynamixelCpp */,
				D3885CEB1B01E484007CC273 /* Products */,
				D3885CF81B01E74F007CC273 /* libboost_system-mt.dylib */,
				D3885CFB1B023A9D007CC273 /* libboost_thread-mt.dylib */,
			);
			sourceTree = "<group>";
		};
		D3885CEB1B01E484007CC273 /* Products */ = {
			isa = PBXGroup;
			children = (
				D3885CEA1B01E484007CC273 /* DynamixelCpp */,
			);
			name = Products;
			sourceTree = "<group>";
		};
		D3885CEC1B01E484007CC273 /* DynamixelCpp */ = {
			isa = PBXGroup;
			children = (
				D3885CED1B01E484007CC273 /* main.cpp */,
				D3885CF41B01E51E007CC273 /* Dynamixel.cpp */,
				D3885CF51B01E51E007CC273 /* Dynamixel.h */,
			);
			path = DynamixelCpp;
			sourceTree = "<group>";
		};
/* End PBXGroup section */

/* Begin PBXNativeTarget section */
		D3885CE91B01E484007CC273 /* DynamixelCpp */ = {
			isa = PBXNativeTarget;
			buildConfigurationList = D3885CF11B01E484007CC273 /* Build configuration list for PBXNativeTarget "DynamixelCpp" */;
			buildPhases = (
				D3885CE61B01E484007CC273 /* Sources */,
				D3885CE71B01E484007CC273 /* Frameworks */,
				D3885CE81B01E484007CC273 /* CopyFiles */,
			);
			buildRules = (
			);
			dependencies = (
			);
			name = DynamixelCpp;
			productName = DynamixelCpp;
			productReference = D3885CEA1B01E484007CC273 /* DynamixelCpp */;
			productType = "com.apple.product-type.tool";
		};
/* End PBXNativeTarget section */

/* Begin PBXProject section */
		D3885CE21B01E484007CC273 /* Project object */ = {
			isa = PBXProject;
			attributes = {
				LastUpgradeCheck = 0620;
				ORGANIZATIONNAME = "damien grobet";
				TargetAttributes = {
					D3885CE91B01E484007CC273 = {
						CreatedOnToolsVersion = 6.2;
					};
				};
			};
			buildConfigurationList = D3885CE51B01E484007CC273 /* Build configuration list for PBXProject "DynamixelCpp" */;
			compatibilityVersion = "Xcode 3.2";
			developmentRegion = English;
			hasScannedForEncodings = 0;
			knownRegions = (
				en,
			);
			mainGroup = D3885CE11B01E484007CC273;
			productRefGroup = D3885CEB1B01E484007CC273 /* Products */;
			projectDirPath = "";
			projectRoot = "";
			targets = (
				D3885CE91B01E484007CC273 /* DynamixelCpp */,
			);
		};
/* End PBXProject section */

/* Begin PBXSourcesBuildPhase section */
		D3885CE61B01E484007CC273 /* Sources */ = {
			isa = PBXSourcesBuildPhase;
			buildActionMask = 2147483647;
			files = (
				D3885CEE1B01E484007CC273 /* main.cpp in Sources */,
				D3885CF61B01E51E007CC273 /* Dynamixel.cpp in Sources */,
			);
			runOnlyForDeploymentPostprocessing = 0;
		};
/* End PBXSourcesBuildPhase section */

/* Begin XCBuildConfiguration section */
		D3885CEF1B01E484007CC273 /* Debug */ = {
			isa = XCBuildConfiguration;
			buildSettings = {
				ALWAYS_SEARCH_USER_PATHS = NO;
				CLANG_CXX_LANGUAGE_STANDARD = "gnu++0x";
				CLANG_CXX_LIBRARY = "libc++";
				CLANG_ENABLE_MODULES = YES;
				CLANG_ENABLE_OBJC_ARC = YES;
				CLANG_WARN_BOOL_CONVERSION = YES;
				CLANG_WARN_CONSTANT_CONVERSION = YES;
				CLANG_WARN_DIRECT_OBJC_ISA_USAGE = YES_ERROR;
				CLANG_WARN_EMPTY_BODY = YES;
				CLANG_WARN_ENUM_CONVERSION = YES;
				CLANG_WARN_INT_CONVERSION = YES;
				CLANG_WARN_OBJC_ROOT_CLASS = YES_ERROR;
				CLANG_WARN_UNREACHABLE_CODE = YES;
				CLANG_WARN__DUPLICATE_METHOD_MATCH = YES;
				COPY_PHASE_STRIP = NO;
				ENABLE_STRICT_OBJC_MSGSEND = YES;
				GCC_C_LANGUAGE_STANDARD = gnu99;
				GCC_DYNAMIC_NO_PIC = NO;
				GCC_OPTIMIZATION_LEVEL = 0;
				GCC_PREPROCESSOR_DEFINITIONS = (
					"DEBUG=1",
					"$(inherited)",
				);
				GCC_SYMBOLS_PRIVATE_EXTERN = NO;
				GCC_WARN_64_TO_32_BIT_CONVERSION = YES;
				GCC_WARN_ABOUT_RETURN_TYPE = YES_ERROR;
				GCC_WARN_UNDECLARED_SELECTOR = YES;
				GCC_WARN_UNINITIALIZED_AUTOS = YES_AGGRESSIVE;
				GCC_WARN_UNUSED_FUNCTION = YES;
				GCC_WARN_UNUSED_VARIABLE = YES;
				MACOSX_DEPLOYMENT_TARGET = 10.9;
				MTL_ENABLE_DEBUG_INFO = YES;
				ONLY_ACTIVE_ARCH = YES;
				SDKROOT = macosx;
			};
			name = Debug;
		};
		D3885CF01B01E484007CC273 /* Release */ = {
			isa = XCBuildConfiguration;
			buildSettings = {
				ALWAYS_SEARCH_USER_PATHS = NO;
				CLANG_CXX_LANGUAGE_STANDARD = "gnu++0x";
				CLANG_CXX_LIBRARY = "libc++";
				CLANG_ENABLE_MODULES = YES;
				CLANG_ENABLE_OBJC_ARC = YES;
				CLANG_WARN_BOOL_CONVERSION = YES;
				CLANG_WARN_CONSTANT_CONVERSION = YES;
				CLANG_WARN_DIRECT_OBJC_ISA_USAGE = YES_ERROR;
				CLANG_WARN_EMPTY_BODY = YES;
				CLANG_WARN_ENUM_CONVERSION = YES;
				CLANG_WARN_INT_CONVERSION = YES;
				CLANG_WARN_OBJC_ROOT_CLASS = YES_ERROR;
				CLANG_WARN_UNREACHABLE_CODE = YES;
				CLANG_WARN__DUPLICATE_METHOD_MATCH = YES;
				COPY_PHASE_STRIP = NO;
				DEBUG_INFORMATION_FORMAT = "dwarf-with-dsym";
				ENABLE_NS_ASSERTIONS = NO;
				ENABLE_STRICT_OBJC_MSGSEND = YES;
				GCC_C_LANGUAGE_STANDARD = gnu99;
				GCC_WARN_64_TO_32_BIT_CONVERSION = YES;
				GCC_WARN_ABOUT_RETURN_TYPE = YES_ERROR;
				GCC_WARN_UNDECLARED_SELECTOR = YES;
				GCC_WARN_UNINITIALIZED_AUTOS = YES_AGGRESSIVE;
				GCC_WARN_UNUSED_FUNCTION = YES;
				GCC_WARN_UNUSED_VARIABLE = YES;
				MACOSX_DEPLOYMENT_TARGET = 10.9;
				MTL_ENABLE_DEBUG_INFO = NO;
				SDKROOT = macosx;
			};
			name = Release;
		};
		D3885CF21B01E484007CC273 /* Debug */ = {
			isa = XCBuildConfiguration;
			buildSettings = {
				HEADER_SEARCH_PATHS = (
					"$(inherited)",
					/Applications/Xcode.app/Contents/Developer/Toolchains/XcodeDefault.xctoolchain/usr/include,
					/opt/local/include,
				);
				LIBRARY_SEARCH_PATHS = (
					"$(inherited)",
					/opt/local/lib,
				);
				PRODUCT_NAME = "$(TARGET_NAME)";
			};
			name = Debug;
		};
		D3885CF31B01E484007CC273 /* Release */ = {
			isa = XCBuildConfiguration;
			buildSettings = {
				HEADER_SEARCH_PATHS = (
					"$(inherited)",
					/Applications/Xcode.app/Contents/Developer/Toolchains/XcodeDefault.xctoolchain/usr/include,
					/opt/local/include,
				);
				LIBRARY_SEARCH_PATHS = (
					"$(inherited)",
					/opt/local/lib,
				);
				PRODUCT_NAME = "$(TARGET_NAME)";
			};
			name = Release;
		};
/* End XCBuildConfiguration section */

/* Begin XCConfigurationList section */
		D3885CE51B01E484007CC273 /* Build configuration list for PBXProject "DynamixelCpp" */ = {
			isa = XCConfigurationList;
			buildConfigurations = (
				D3885CEF1B01E484007CC273 /* Debug */,
				D3885CF01B01E484007CC273 /* Release */,
			);
			defaultConfigurationIsVisible = 0;
			defaultConfigurationName = Release;
		};
		D3885CF11B01E484007CC273 /* Build configuration list for PBXNativeTarget "DynamixelCpp" */ = {
			isa = XCConfigurationList;
			buildConfigurations = (
				D3885CF21B01E484007CC273 /* Debug */,
				D3885CF31B01E484007CC273 /* Release */,
			);
			defaultConfigurationIsVisible = 0;
		};
/* End XCConfigurationList section */
	};
	rootObject = D3885CE21B01E484007CC273 /* Project object */;
}
